
Microsoft Visual Studio Solution File, Format Version 12.00
# Visual Studio Version 17
VisualStudioVersion = 17.11.35327.3
MinimumVisualStudioVersion = 10.0.40219.1
Project("{FAE04EC0-301F-11D3-BF4B-00C04F79EFBC}") = "PicWeb", "PicWeb\PicWeb.csproj", "{1F5618E8-1870-453B-BF4E-8241C398AF48}"
EndProject
Global
	GlobalSection(SolutionConfigurationPlatforms) = preSolution
		Debug|Any CPU = Debug|Any CPU
		Release|Any CPU = Release|Any CPU
	EndGlobalSection
	GlobalSection(ProjectConfigurationPlatforms) = postSolution
		{1F5618E8-1870-453B-BF4E-8241C398AF48}.Debug|Any CPU.ActiveCfg = Debug|Any CPU
		{1F5618E8-1870-453B-BF4E-8241C398AF48}.Debug|Any CPU.Build.0 = Debug|Any CPU
		{1F5618E8-1870-453B-BF4E-8241C398AF48}.Release|Any CPU.ActiveCfg = Release|Any CPU
		{1F5618E8-1870-453B-BF4E-8241C398AF48}.Release|Any CPU.Build.0 = Release|Any CPU
	EndGlobalSection
	GlobalSection(SolutionProperties) = preSolution
		HideSolutionNode = FALSE
	EndGlobalSection
	GlobalSection(ExtensibilityGlobals) = postSolution
		SolutionGuid = {E84C3064-0202-486E-BFBC-8EE0424CB4D5}
	EndGlobalSection
EndGlobal
